
Microsoft Visual Studio Solution File, Format Version 12.00
# Visual Studio Version 17
VisualStudioVersion = 17.14.35821.62 d17.14
MinimumVisualStudioVersion = 10.0.40219.1
Project("{FAE04EC0-301F-11D3-BF4B-00C04F79EFBC}") = "01_MainSubjects", "01_MainSubjects\01_MainSubjects.csproj", "{176DB69A-D9FE-4C19-B566-F7EB8A75F5FA}"
EndProject
Global
	GlobalSection(SolutionConfigurationPlatforms) = preSolution
		Debug|Any CPU = Debug|Any CPU
		Release|Any CPU = Release|Any CPU
	EndGlobalSection
	GlobalSection(ProjectConfigurationPlatforms) = postSolution
		{176DB69A-D9FE-4C19-B566-F7EB8A75F5FA}.Debug|Any CPU.ActiveCfg = Debug|Any CPU
		{176DB69A-D9FE-4C19-B566-F7EB8A75F5FA}.Debug|Any CPU.Build.0 = Debug|Any CPU
		{176DB69A-D9FE-4C19-B566-F7EB8A75F5FA}.Release|Any CPU.ActiveCfg = Release|Any CPU
		{176DB69A-D9FE-4C19-B566-F7EB8A75F5FA}.Release|Any CPU.Build.0 = Release|Any CPU
	EndGlobalSection
	GlobalSection(SolutionProperties) = preSolution
		HideSolutionNode = FALSE
	EndGlobalSection
	GlobalSection(ExtensibilityGlobals) = postSolution
		SolutionGuid = {BD62DAC8-A80E-43AC-BEF5-B84689412B3E}
	EndGlobalSection
EndGlobal
